// !$*UTF8*$!
{
	archiveVersion = 1;
	classes = {
	};
	objectVersion = 46;
	objects = {

/* Begin PBXBuildFile section */
		76701256192F781C003A75E6 /* GLViewer_moc.cpp in Sources */ = {isa = PBXBuildFile; fileRef = 76701253192F781C003A75E6 /* GLViewer_moc.cpp */; };
		76701257192F781C003A75E6 /* QUtils_moc.cpp in Sources */ = {isa = PBXBuildFile; fileRef = 76701254192F781C003A75E6 /* QUtils_moc.cpp */; };
		76701258192F781C003A75E6 /* Window_moc.cpp in Sources */ = {isa = PBXBuildFile; fileRef = 76701255192F781C003A75E6 /* Window_moc.cpp */; };
		76D3EB98193223B4000E1950 /* Bone.cpp in Sources */ = {isa = PBXBuildFile; fileRef = 76D3EB96193223B4000E1950 /* Bone.cpp */; };
		76E6009C192A5860003254E0 /* BoundingBox.cpp in Sources */ = {isa = PBXBuildFile; fileRef = 76E6009A192A5860003254E0 /* BoundingBox.cpp */; };
		76E6009E192A587B003254E0 /* Main.cpp in Sources */ = {isa = PBXBuildFile; fileRef = 76E6009D192A587B003254E0 /* Main.cpp */; };
		76E600B1192A58AC003254E0 /* Mesh.cpp in Sources */ = {isa = PBXBuildFile; fileRef = 76E600A5192A58AC003254E0 /* Mesh.cpp */; };
		76E600B2192A58AC003254E0 /* Object.cpp in Sources */ = {isa = PBXBuildFile; fileRef = 76E600A7192A58AC003254E0 /* Object.cpp */; };
		76E600B5192A58AC003254E0 /* Triangle.cpp in Sources */ = {isa = PBXBuildFile; fileRef = 76E600AD192A58AC003254E0 /* Triangle.cpp */; };
		76E600B8192A58C7003254E0 /* Vertex.cpp in Sources */ = {isa = PBXBuildFile; fileRef = 76E600B6192A58C7003254E0 /* Vertex.cpp */; };
		76E600BA192A5957003254E0 /* QtOpenGL.framework in Frameworks */ = {isa = PBXBuildFile; fileRef = 76E600B9192A5957003254E0 /* QtOpenGL.framework */; };
		76E600BC192A599F003254E0 /* OpenGL.framework in Frameworks */ = {isa = PBXBuildFile; fileRef = 76E600BB192A599F003254E0 /* OpenGL.framework */; };
		76E600BE192A59AD003254E0 /* QtCore.framework in Frameworks */ = {isa = PBXBuildFile; fileRef = 76E600BD192A59AD003254E0 /* QtCore.framework */; };
		76E600C0192A59BF003254E0 /* QtXml.framework in Frameworks */ = {isa = PBXBuildFile; fileRef = 76E600BF192A59BF003254E0 /* QtXml.framework */; };
		76E600C2192A59C6003254E0 /* QtGui.framework in Frameworks */ = {isa = PBXBuildFile; fileRef = 76E600C1192A59C6003254E0 /* QtGui.framework */; };
		76E600C4192A59DC003254E0 /* QGLViewer.framework in Frameworks */ = {isa = PBXBuildFile; fileRef = 76E600C3192A59DC003254E0 /* QGLViewer.framework */; };
		76E600C7192A5A49003254E0 /* GLViewer.cpp in Sources */ = {isa = PBXBuildFile; fileRef = 76E600C5192A5A49003254E0 /* GLViewer.cpp */; };
		76E600CA192A5A7A003254E0 /* QTUtils.cpp in Sources */ = {isa = PBXBuildFile; fileRef = 76E600C8192A5A7A003254E0 /* QTUtils.cpp */; };
		76E600D1192A624C003254E0 /* Window.cpp in Sources */ = {isa = PBXBuildFile; fileRef = 76E600CF192A624C003254E0 /* Window.cpp */; };
/* End PBXBuildFile section */

/* Begin PBXCopyFilesBuildPhase section */
		76E6008C192A5819003254E0 /* CopyFiles */ = {
			isa = PBXCopyFilesBuildPhase;
			buildActionMask = 2147483647;
			dstPath = /usr/share/man/man1/;
			dstSubfolderSpec = 0;
			files = (
			);
			runOnlyForDeploymentPostprocessing = 1;
		};
/* End PBXCopyFilesBuildPhase section */

/* Begin PBXFileReference section */
		76701253192F781C003A75E6 /* GLViewer_moc.cpp */ = {isa = PBXFileReference; fileEncoding = 4; lastKnownFileType = sourcecode.cpp.cpp; path = GLViewer_moc.cpp; sourceTree = "<group>"; };
		76701254192F781C003A75E6 /* QUtils_moc.cpp */ = {isa = PBXFileReference; fileEncoding = 4; lastKnownFileType = sourcecode.cpp.cpp; path = QUtils_moc.cpp; sourceTree = "<group>"; };
		76701255192F781C003A75E6 /* Window_moc.cpp */ = {isa = PBXFileReference; fileEncoding = 4; lastKnownFileType = sourcecode.cpp.cpp; path = Window_moc.cpp; sourceTree = "<group>"; };
		76D3EB96193223B4000E1950 /* Bone.cpp */ = {isa = PBXFileReference; fileEncoding = 4; lastKnownFileType = sourcecode.cpp.cpp; path = Bone.cpp; sourceTree = "<group>"; };
		76D3EB97193223B4000E1950 /* Bone.h */ = {isa = PBXFileReference; fileEncoding = 4; lastKnownFileType = sourcecode.c.h; path = Bone.h; sourceTree = "<group>"; };
		76E6008E192A5819003254E0 /* Projet */ = {isa = PBXFileReference; explicitFileType = "compiled.mach-o.executable"; includeInIndex = 0; path = Projet; sourceTree = BUILT_PRODUCTS_DIR; };
		76E60093192A5819003254E0 /* Projet.1 */ = {isa = PBXFileReference; lastKnownFileType = text.man; path = Projet.1; sourceTree = "<group>"; };
		76E6009A192A5860003254E0 /* BoundingBox.cpp */ = {isa = PBXFileReference; fileEncoding = 4; lastKnownFileType = sourcecode.cpp.cpp; path = BoundingBox.cpp; sourceTree = "<group>"; };
		76E6009B192A5860003254E0 /* BoundingBox.h */ = {isa = PBXFileReference; fileEncoding = 4; lastKnownFileType = sourcecode.c.h; path = BoundingBox.h; sourceTree = "<group>"; };
		76E6009D192A587B003254E0 /* Main.cpp */ = {isa = PBXFileReference; fileEncoding = 4; lastKnownFileType = sourcecode.cpp.cpp; path = Main.cpp; sourceTree = "<group>"; };
		76E6009F192A5893003254E0 /* Vec3D.h */ = {isa = PBXFileReference; fileEncoding = 4; lastKnownFileType = sourcecode.c.h; path = Vec3D.h; sourceTree = "<group>"; };
		76E600A0192A58AB003254E0 /* Edge.h */ = {isa = PBXFileReference; fileEncoding = 4; lastKnownFileType = sourcecode.c.h; path = Edge.h; sourceTree = "<group>"; };
		76E600A5192A58AC003254E0 /* Mesh.cpp */ = {isa = PBXFileReference; fileEncoding = 4; lastKnownFileType = sourcecode.cpp.cpp; path = Mesh.cpp; sourceTree = "<group>"; };
		76E600A6192A58AC003254E0 /* Mesh.h */ = {isa = PBXFileReference; fileEncoding = 4; lastKnownFileType = sourcecode.c.h; path = Mesh.h; sourceTree = "<group>"; };
		76E600A7192A58AC003254E0 /* Object.cpp */ = {isa = PBXFileReference; fileEncoding = 4; lastKnownFileType = sourcecode.cpp.cpp; path = Object.cpp; sourceTree = "<group>"; };
		76E600A8192A58AC003254E0 /* Object.h */ = {isa = PBXFileReference; fileEncoding = 4; lastKnownFileType = sourcecode.c.h; path = Object.h; sourceTree = "<group>"; };
		76E600AD192A58AC003254E0 /* Triangle.cpp */ = {isa = PBXFileReference; fileEncoding = 4; lastKnownFileType = sourcecode.cpp.cpp; path = Triangle.cpp; sourceTree = "<group>"; };
		76E600AE192A58AC003254E0 /* Triangle.h */ = {isa = PBXFileReference; fileEncoding = 4; lastKnownFileType = sourcecode.c.h; path = Triangle.h; sourceTree = "<group>"; };
		76E600B6192A58C7003254E0 /* Vertex.cpp */ = {isa = PBXFileReference; fileEncoding = 4; lastKnownFileType = sourcecode.cpp.cpp; path = Vertex.cpp; sourceTree = "<group>"; };
		76E600B7192A58C7003254E0 /* Vertex.h */ = {isa = PBXFileReference; fileEncoding = 4; lastKnownFileType = sourcecode.c.h; path = Vertex.h; sourceTree = "<group>"; };
		76E600B9192A5957003254E0 /* QtOpenGL.framework */ = {isa = PBXFileReference; lastKnownFileType = wrapper.framework; name = QtOpenGL.framework; path = /usr/local/Frameworks/QtOpenGL.framework; sourceTree = "<absolute>"; };
		76E600BB192A599F003254E0 /* OpenGL.framework */ = {isa = PBXFileReference; lastKnownFileType = wrapper.framework; name = OpenGL.framework; path = System/Library/Frameworks/OpenGL.framework; sourceTree = SDKROOT; };
		76E600BD192A59AD003254E0 /* QtCore.framework */ = {isa = PBXFileReference; lastKnownFileType = wrapper.framework; name = QtCore.framework; path = /usr/local/Frameworks/QtCore.framework; sourceTree = "<absolute>"; };
		76E600BF192A59BF003254E0 /* QtXml.framework */ = {isa = PBXFileReference; lastKnownFileType = wrapper.framework; name = QtXml.framework; path = /usr/local/Frameworks/QtXml.framework; sourceTree = "<absolute>"; };
		76E600C1192A59C6003254E0 /* QtGui.framework */ = {isa = PBXFileReference; lastKnownFileType = wrapper.framework; name = QtGui.framework; path = /usr/local/Frameworks/QtGui.framework; sourceTree = "<absolute>"; };
		76E600C3192A59DC003254E0 /* QGLViewer.framework */ = {isa = PBXFileReference; lastKnownFileType = wrapper.framework; name = QGLViewer.framework; path = /usr/local/lib/QGLViewer.framework; sourceTree = "<absolute>"; };
		76E600C5192A5A49003254E0 /* GLViewer.cpp */ = {isa = PBXFileReference; fileEncoding = 4; lastKnownFileType = sourcecode.cpp.cpp; path = GLViewer.cpp; sourceTree = "<group>"; };
		76E600C6192A5A49003254E0 /* GLViewer.h */ = {isa = PBXFileReference; fileEncoding = 4; lastKnownFileType = sourcecode.c.h; path = GLViewer.h; sourceTree = "<group>"; };
		76E600C8192A5A7A003254E0 /* QTUtils.cpp */ = {isa = PBXFileReference; fileEncoding = 4; lastKnownFileType = sourcecode.cpp.cpp; path = QTUtils.cpp; sourceTree = "<group>"; };
		76E600C9192A5A7A003254E0 /* QTUtils.h */ = {isa = PBXFileReference; fileEncoding = 4; lastKnownFileType = sourcecode.c.h; path = QTUtils.h; sourceTree = "<group>"; };
		76E600CF192A624C003254E0 /* Window.cpp */ = {isa = PBXFileReference; fileEncoding = 4; lastKnownFileType = sourcecode.cpp.cpp; path = Window.cpp; sourceTree = "<group>"; };
		76E600D0192A624C003254E0 /* Window.h */ = {isa = PBXFileReference; fileEncoding = 4; lastKnownFileType = sourcecode.c.h; path = Window.h; sourceTree = "<group>"; };
/* End PBXFileReference section */

/* Begin PBXFrameworksBuildPhase section */
		76E6008B192A5819003254E0 /* Frameworks */ = {
			isa = PBXFrameworksBuildPhase;
			buildActionMask = 2147483647;
			files = (
				76E600BA192A5957003254E0 /* QtOpenGL.framework in Frameworks */,
				76E600BC192A599F003254E0 /* OpenGL.framework in Frameworks */,
				76E600BE192A59AD003254E0 /* QtCore.framework in Frameworks */,
				76E600C0192A59BF003254E0 /* QtXml.framework in Frameworks */,
				76E600C2192A59C6003254E0 /* QtGui.framework in Frameworks */,
				76E600C4192A59DC003254E0 /* QGLViewer.framework in Frameworks */,
			);
			runOnlyForDeploymentPostprocessing = 0;
		};
/* End PBXFrameworksBuildPhase section */

/* Begin PBXGroup section */
		76E60085192A5819003254E0 = {
			isa = PBXGroup;
			children = (
				76E600CE192A5AC5003254E0 /* Framework */,
				76E60090192A5819003254E0 /* Projet */,
				76E6008F192A5819003254E0 /* Products */,
			);
			sourceTree = "<group>";
		};
		76E6008F192A5819003254E0 /* Products */ = {
			isa = PBXGroup;
			children = (
				76E6008E192A5819003254E0 /* Projet */,
			);
			name = Products;
			sourceTree = "<group>";
		};
		76E60090192A5819003254E0 /* Projet */ = {
			isa = PBXGroup;
			children = (
				76E6009A192A5860003254E0 /* BoundingBox.cpp */,
				76E6009B192A5860003254E0 /* BoundingBox.h */,
				76E600C5192A5A49003254E0 /* GLViewer.cpp */,
				76E600C6192A5A49003254E0 /* GLViewer.h */,
				76E600A0192A58AB003254E0 /* Edge.h */,
				76E600C8192A5A7A003254E0 /* QTUtils.cpp */,
				76701253192F781C003A75E6 /* GLViewer_moc.cpp */,
				76701254192F781C003A75E6 /* QUtils_moc.cpp */,
				76701255192F781C003A75E6 /* Window_moc.cpp */,
				76E600C9192A5A7A003254E0 /* QTUtils.h */,
				76E600A5192A58AC003254E0 /* Mesh.cpp */,
				76E600A6192A58AC003254E0 /* Mesh.h */,
				76E600A7192A58AC003254E0 /* Object.cpp */,
				76E600A8192A58AC003254E0 /* Object.h */,
				76E600B6192A58C7003254E0 /* Vertex.cpp */,
				76E600B7192A58C7003254E0 /* Vertex.h */,
				76E600CF192A624C003254E0 /* Window.cpp */,
				76E600D0192A624C003254E0 /* Window.h */,
				76E600AD192A58AC003254E0 /* Triangle.cpp */,
				76E600AE192A58AC003254E0 /* Triangle.h */,
				76D3EB96193223B4000E1950 /* Bone.cpp */,
				76D3EB97193223B4000E1950 /* Bone.h */,
				76E6009F192A5893003254E0 /* Vec3D.h */,
				76E6009D192A587B003254E0 /* Main.cpp */,
				76E60093192A5819003254E0 /* Projet.1 */,
			);
			path = Projet;
			sourceTree = "<group>";
		};
		76E600CE192A5AC5003254E0 /* Framework */ = {
			isa = PBXGroup;
			children = (
				76E600C1192A59C6003254E0 /* QtGui.framework */,
				76E600B9192A5957003254E0 /* QtOpenGL.framework */,
				76E600C3192A59DC003254E0 /* QGLViewer.framework */,
				76E600BF192A59BF003254E0 /* QtXml.framework */,
				76E600BD192A59AD003254E0 /* QtCore.framework */,
				76E600BB192A599F003254E0 /* OpenGL.framework */,
			);
			name = Framework;
			sourceTree = "<group>";
		};
/* End PBXGroup section */

/* Begin PBXNativeTarget section */
		76E6008D192A5819003254E0 /* Projet */ = {
			isa = PBXNativeTarget;
			buildConfigurationList = 76E60097192A5819003254E0 /* Build configuration list for PBXNativeTarget "Projet" */;
			buildPhases = (
				76E6008A192A5819003254E0 /* Sources */,
				76E6008B192A5819003254E0 /* Frameworks */,
				76E6008C192A5819003254E0 /* CopyFiles */,
			);
			buildRules = (
			);
			dependencies = (
			);
			name = Projet;
			productName = Projet;
			productReference = 76E6008E192A5819003254E0 /* Projet */;
			productType = "com.apple.product-type.tool";
		};
/* End PBXNativeTarget section */

/* Begin PBXProject section */
		76E60086192A5819003254E0 /* Project object */ = {
			isa = PBXProject;
			attributes = {
				LastUpgradeCheck = 0460;
				ORGANIZATIONNAME = "Audrey FOURNERET";
			};
			buildConfigurationList = 76E60089192A5819003254E0 /* Build configuration list for PBXProject "Projet" */;
			compatibilityVersion = "Xcode 3.2";
			developmentRegion = English;
			hasScannedForEncodings = 0;
			knownRegions = (
				en,
			);
			mainGroup = 76E60085192A5819003254E0;
			productRefGroup = 76E6008F192A5819003254E0 /* Products */;
			projectDirPath = "";
			projectRoot = "";
			targets = (
				76E6008D192A5819003254E0 /* Projet */,
			);
		};
/* End PBXProject section */

/* Begin PBXSourcesBuildPhase section */
		76E6008A192A5819003254E0 /* Sources */ = {
			isa = PBXSourcesBuildPhase;
			buildActionMask = 2147483647;
			files = (
				76E6009C192A5860003254E0 /* BoundingBox.cpp in Sources */,
				76E6009E192A587B003254E0 /* Main.cpp in Sources */,
				76E600B1192A58AC003254E0 /* Mesh.cpp in Sources */,
				76E600B2192A58AC003254E0 /* Object.cpp in Sources */,
				76E600B5192A58AC003254E0 /* Triangle.cpp in Sources */,
				76E600B8192A58C7003254E0 /* Vertex.cpp in Sources */,
				76E600C7192A5A49003254E0 /* GLViewer.cpp in Sources */,
				76E600CA192A5A7A003254E0 /* QTUtils.cpp in Sources */,
				76E600D1192A624C003254E0 /* Window.cpp in Sources */,
				76701256192F781C003A75E6 /* GLViewer_moc.cpp in Sources */,
				76701257192F781C003A75E6 /* QUtils_moc.cpp in Sources */,
				76701258192F781C003A75E6 /* Window_moc.cpp in Sources */,
				76D3EB98193223B4000E1950 /* Bone.cpp in Sources */,
			);
			runOnlyForDeploymentPostprocessing = 0;
		};
/* End PBXSourcesBuildPhase section */

/* Begin XCBuildConfiguration section */
		76E60095192A5819003254E0 /* Debug */ = {
			isa = XCBuildConfiguration;
			buildSettings = {
				ALWAYS_SEARCH_USER_PATHS = NO;
				ARCHS = "$(ARCHS_STANDARD_64_BIT)";
				CLANG_CXX_LANGUAGE_STANDARD = "gnu++0x";
				CLANG_CXX_LIBRARY = "libc++";
				CLANG_ENABLE_OBJC_ARC = YES;
				CLANG_WARN_CONSTANT_CONVERSION = YES;
				CLANG_WARN_EMPTY_BODY = YES;
				CLANG_WARN_ENUM_CONVERSION = YES;
				CLANG_WARN_INT_CONVERSION = YES;
				CLANG_WARN__DUPLICATE_METHOD_MATCH = YES;
				COPY_PHASE_STRIP = NO;
				GCC_C_LANGUAGE_STANDARD = gnu99;
				GCC_DYNAMIC_NO_PIC = NO;
				GCC_ENABLE_OBJC_EXCEPTIONS = YES;
				GCC_OPTIMIZATION_LEVEL = 0;
				GCC_PREPROCESSOR_DEFINITIONS = (
					"DEBUG=1",
					"$(inherited)",
				);
				GCC_SYMBOLS_PRIVATE_EXTERN = NO;
				GCC_WARN_64_TO_32_BIT_CONVERSION = YES;
				GCC_WARN_ABOUT_RETURN_TYPE = YES;
				GCC_WARN_UNINITIALIZED_AUTOS = YES;
				GCC_WARN_UNUSED_VARIABLE = YES;
				MACOSX_DEPLOYMENT_TARGET = 10.7;
				ONLY_ACTIVE_ARCH = YES;
				SDKROOT = macosx;
			};
			name = Debug;
		};
		76E60096192A5819003254E0 /* Release */ = {
			isa = XCBuildConfiguration;
			buildSettings = {
				ALWAYS_SEARCH_USER_PATHS = NO;
				ARCHS = "$(ARCHS_STANDARD_64_BIT)";
				CLANG_CXX_LANGUAGE_STANDARD = "gnu++0x";
				CLANG_CXX_LIBRARY = "libc++";
				CLANG_ENABLE_OBJC_ARC = YES;
				CLANG_WARN_CONSTANT_CONVERSION = YES;
				CLANG_WARN_EMPTY_BODY = YES;
				CLANG_WARN_ENUM_CONVERSION = YES;
				CLANG_WARN_INT_CONVERSION = YES;
				CLANG_WARN__DUPLICATE_METHOD_MATCH = YES;
				COPY_PHASE_STRIP = YES;
				DEBUG_INFORMATION_FORMAT = "dwarf-with-dsym";
				GCC_C_LANGUAGE_STANDARD = gnu99;
				GCC_ENABLE_OBJC_EXCEPTIONS = YES;
				GCC_WARN_64_TO_32_BIT_CONVERSION = YES;
				GCC_WARN_ABOUT_RETURN_TYPE = YES;
				GCC_WARN_UNINITIALIZED_AUTOS = YES;
				GCC_WARN_UNUSED_VARIABLE = YES;
				MACOSX_DEPLOYMENT_TARGET = 10.7;
				SDKROOT = macosx;
			};
			name = Release;
		};
		76E60098192A5819003254E0 /* Debug */ = {
			isa = XCBuildConfiguration;
			buildSettings = {
				CLANG_ENABLE_MODULES = YES;
				CLANG_WARN_BOOL_CONVERSION = YES;
				CLANG_WARN_DIRECT_OBJC_ISA_USAGE = YES_ERROR;
				CLANG_WARN_OBJC_ROOT_CLASS = YES_ERROR;
				CONFIGURATION_BUILD_DIR = bin;
				ENABLE_NS_ASSERTIONS = "";
				EXCLUDED_RECURSIVE_SEARCH_PATH_SUBDIRECTORIES = "*.nib *.lproj *.gch *.xcode* (*) .DS_Store CVS .svn .git .hg";
				FRAMEWORK_SEARCH_PATHS = (
					"$(inherited)",
					/usr/local/lib,
				);
				GCC_WARN_ABOUT_RETURN_TYPE = NO;
				GCC_WARN_UNINITIALIZED_AUTOS = NO;
				GCC_WARN_UNUSED_FUNCTION = YES;
				HEADER_SEARCH_PATHS = (
					"$(inherited)",
					/Applications/Xcode.app/Contents/Developer/Toolchains/XcodeDefault.xctoolchain/usr/include,
					"/usr/local/lib/**",
					/usr/local/lib/Eigen,
				);
				PRODUCT_NAME = "$(TARGET_NAME)";
				SDKROOT = "";
			};
			name = Debug;
		};
		76E60099192A5819003254E0 /* Release */ = {
			isa = XCBuildConfiguration;
			buildSettings = {
				CLANG_ENABLE_MODULES = YES;
				CLANG_WARN_BOOL_CONVERSION = YES;
				CLANG_WARN_DIRECT_OBJC_ISA_USAGE = YES_ERROR;
				CLANG_WARN_OBJC_ROOT_CLASS = YES_ERROR;
				CONFIGURATION_BUILD_DIR = bin;
				ENABLE_NS_ASSERTIONS = NO;
				EXCLUDED_RECURSIVE_SEARCH_PATH_SUBDIRECTORIES = "*.nib *.lproj *.gch *.xcode* (*) .DS_Store CVS .svn .git .hg";
				FRAMEWORK_SEARCH_PATHS = (
					"$(inherited)",
					/usr/local/lib,
				);
				GCC_WARN_ABOUT_RETURN_TYPE = NO;
				GCC_WARN_UNINITIALIZED_AUTOS = NO;
				GCC_WARN_UNUSED_FUNCTION = YES;
				HEADER_SEARCH_PATHS = (
					"$(inherited)",
					/Applications/Xcode.app/Contents/Developer/Toolchains/XcodeDefault.xctoolchain/usr/include,
					"/usr/local/lib/**",
					/usr/local/lib/Eigen,
				);
				PRODUCT_NAME = "$(TARGET_NAME)";
				SDKROOT = "";
			};
			name = Release;
		};
/* End XCBuildConfiguration section */

/* Begin XCConfigurationList section */
		76E60089192A5819003254E0 /* Build configuration list for PBXProject "Projet" */ = {
			isa = XCConfigurationList;
			buildConfigurations = (
				76E60095192A5819003254E0 /* Debug */,
				76E60096192A5819003254E0 /* Release */,
			);
			defaultConfigurationIsVisible = 0;
			defaultConfigurationName = Release;
		};
		76E60097192A5819003254E0 /* Build configuration list for PBXNativeTarget "Projet" */ = {
			isa = XCConfigurationList;
			buildConfigurations = (
				76E60098192A5819003254E0 /* Debug */,
				76E60099192A5819003254E0 /* Release */,
			);
			defaultConfigurationIsVisible = 0;
			defaultConfigurationName = Release;
		};
/* End XCConfigurationList section */
	};
	rootObject = 76E60086192A5819003254E0 /* Project object */;
}
